
Microsoft Visual Studio Solution File, Format Version 12.00
# Visual Studio Version 17
VisualStudioVersion = 17.7.34031.279
MinimumVisualStudioVersion = 10.0.40219.1
Project("{FAE04EC0-301F-11D3-BF4B-00C04F79EFBC}") = "MVC_Web_Autentifie_Windows", "MVC_Web_Autentifie_Windows.csproj", "{6B660F31-0EDC-4A1D-AC13-C39ECB0709BD}"
EndProject
Global
	GlobalSection(SolutionConfigurationPlatforms) = preSolution
		Debug|Any CPU = Debug|Any CPU
		Release|Any CPU = Release|Any CPU
	EndGlobalSection
	GlobalSection(ProjectConfigurationPlatforms) = postSolution
		{6B660F31-0EDC-4A1D-AC13-C39ECB0709BD}.Debug|Any CPU.ActiveCfg = Debug|Any CPU
		{6B660F31-0EDC-4A1D-AC13-C39ECB0709BD}.Debug|Any CPU.Build.0 = Debug|Any CPU
		{6B660F31-0EDC-4A1D-AC13-C39ECB0709BD}.Release|Any CPU.ActiveCfg = Release|Any CPU
		{6B660F31-0EDC-4A1D-AC13-C39ECB0709BD}.Release|Any CPU.Build.0 = Release|Any CPU
	EndGlobalSection
	GlobalSection(SolutionProperties) = preSolution
		HideSolutionNode = FALSE
	EndGlobalSection
	GlobalSection(ExtensibilityGlobals) = postSolution
		SolutionGuid = {7F08F762-5BB1-480B-A5C7-69768EEA895C}
	EndGlobalSection
EndGlobal
